
Microsoft Visual Studio Solution File, Format Version 12.00
# Visual Studio 14
VisualStudioVersion = 14.0.25123.0
MinimumVisualStudioVersion = 10.0.40219.1
Project("{8536D8EB-436D-4F12-9D01-E19F41EA3FAC}") = "Sitecore.Support.11448", "Sitecore.Support.11448\Sitecore.Support.11448.csproj", "{238ED801-B592-4F98-8E2F-D815CC7F94BD}"
EndProject
Global
	GlobalSection(SolutionConfigurationPlatforms) = preSolution
		Debug|Any CPU = Debug|Any CPU
		Release|Any CPU = Release|Any CPU
	EndGlobalSection
	GlobalSection(ProjectConfigurationPlatforms) = postSolution
		{238ED801-B592-4F98-8E2F-D815CC7F94BD}.Debug|Any CPU.ActiveCfg = Debug|Any CPU
		{238ED801-B592-4F98-8E2F-D815CC7F94BD}.Debug|Any CPU.Build.0 = Debug|Any CPU
		{238ED801-B592-4F98-8E2F-D815CC7F94BD}.Release|Any CPU.ActiveCfg = Release|Any CPU
		{238ED801-B592-4F98-8E2F-D815CC7F94BD}.Release|Any CPU.Build.0 = Release|Any CPU
	EndGlobalSection
	GlobalSection(SolutionProperties) = preSolution
		HideSolutionNode = FALSE
	EndGlobalSection
EndGlobal
